
Microsoft Visual Studio Solution File, Format Version 12.00
# Visual Studio 14
VisualStudioVersion = 14.0.25420.1
MinimumVisualStudioVersion = 10.0.40219.1
Project("{FAE04EC0-301F-11D3-BF4B-00C04F79EFBC}") = "SOAPAPIUnitTests", "SOAPAPIUnitTests\SOAPAPIUnitTests.csproj", "{31BD7033-2841-409F-A327-B2AB05D7293E}"
EndProject
Project("{FAE04EC0-301F-11D3-BF4B-00C04F79EFBC}") = "ExamAssessmentDaal", "ExamAssessmentDaal\ExamAssessmentDaal.csproj", "{EA7B636D-7C10-4CFB-B920-660ECB82A938}"
EndProject
Project("{FAE04EC0-301F-11D3-BF4B-00C04F79EFBC}") = "ExamassessmentWCF", "ExamassessmentWCF\ExamassessmentWCF.csproj", "{D3685B96-BCB9-4675-A23D-281E90F31C52}"
EndProject
Global
	GlobalSection(SolutionConfigurationPlatforms) = preSolution
		Debug|Any CPU = Debug|Any CPU
		Release|Any CPU = Release|Any CPU
	EndGlobalSection
	GlobalSection(ProjectConfigurationPlatforms) = postSolution
		{31BD7033-2841-409F-A327-B2AB05D7293E}.Debug|Any CPU.ActiveCfg = Debug|Any CPU
		{31BD7033-2841-409F-A327-B2AB05D7293E}.Debug|Any CPU.Build.0 = Debug|Any CPU
		{31BD7033-2841-409F-A327-B2AB05D7293E}.Release|Any CPU.ActiveCfg = Release|Any CPU
		{31BD7033-2841-409F-A327-B2AB05D7293E}.Release|Any CPU.Build.0 = Release|Any CPU
		{EA7B636D-7C10-4CFB-B920-660ECB82A938}.Debug|Any CPU.ActiveCfg = Debug|Any CPU
		{EA7B636D-7C10-4CFB-B920-660ECB82A938}.Debug|Any CPU.Build.0 = Debug|Any CPU
		{EA7B636D-7C10-4CFB-B920-660ECB82A938}.Release|Any CPU.ActiveCfg = Release|Any CPU
		{EA7B636D-7C10-4CFB-B920-660ECB82A938}.Release|Any CPU.Build.0 = Release|Any CPU
		{D3685B96-BCB9-4675-A23D-281E90F31C52}.Debug|Any CPU.ActiveCfg = Debug|Any CPU
		{D3685B96-BCB9-4675-A23D-281E90F31C52}.Debug|Any CPU.Build.0 = Debug|Any CPU
		{D3685B96-BCB9-4675-A23D-281E90F31C52}.Release|Any CPU.ActiveCfg = Release|Any CPU
		{D3685B96-BCB9-4675-A23D-281E90F31C52}.Release|Any CPU.Build.0 = Release|Any CPU
	EndGlobalSection
	GlobalSection(SolutionProperties) = preSolution
		HideSolutionNode = FALSE
	EndGlobalSection
EndGlobal
