
Microsoft Visual Studio Solution File, Format Version 12.00
# Visual Studio 14
VisualStudioVersion = 14.0.25420.1
MinimumVisualStudioVersion = 10.0.40219.1
Project("{FAE04EC0-301F-11D3-BF4B-00C04F79EFBC}") = "ExamassessmentWCF", "ExamassessmentWCF.csproj", "{D3685B96-BCB9-4675-A23D-281E90F31C52}"
EndProject
Project("{FAE04EC0-301F-11D3-BF4B-00C04F79EFBC}") = "ExamAssessmentDAL", "..\..\..\ExamAssessmentSOAPAPI\ExamWCFDAL\ExamAssessmentDAL\ExamAssessmentDAL.csproj", "{4FB78842-4217-4FFC-B74C-B05277FAACD6}"
EndProject
Project("{FAE04EC0-301F-11D3-BF4B-00C04F79EFBC}") = "ExamWCFDAL", "..\..\..\ExamAssessmentSOAPAPI\ExamWCFDAL\ExamWCFDAL\ExamWCFDAL.csproj", "{C83D3E2D-7AB6-4B67-88E8-F6B1C87B0274}"
EndProject
Global
	GlobalSection(SolutionConfigurationPlatforms) = preSolution
		Debug|Any CPU = Debug|Any CPU
		Release|Any CPU = Release|Any CPU
	EndGlobalSection
	GlobalSection(ProjectConfigurationPlatforms) = postSolution
		{D3685B96-BCB9-4675-A23D-281E90F31C52}.Debug|Any CPU.ActiveCfg = Debug|Any CPU
		{D3685B96-BCB9-4675-A23D-281E90F31C52}.Debug|Any CPU.Build.0 = Debug|Any CPU
		{D3685B96-BCB9-4675-A23D-281E90F31C52}.Release|Any CPU.ActiveCfg = Release|Any CPU
		{D3685B96-BCB9-4675-A23D-281E90F31C52}.Release|Any CPU.Build.0 = Release|Any CPU
		{4FB78842-4217-4FFC-B74C-B05277FAACD6}.Debug|Any CPU.ActiveCfg = Debug|Any CPU
		{4FB78842-4217-4FFC-B74C-B05277FAACD6}.Debug|Any CPU.Build.0 = Debug|Any CPU
		{4FB78842-4217-4FFC-B74C-B05277FAACD6}.Release|Any CPU.ActiveCfg = Release|Any CPU
		{4FB78842-4217-4FFC-B74C-B05277FAACD6}.Release|Any CPU.Build.0 = Release|Any CPU
		{C83D3E2D-7AB6-4B67-88E8-F6B1C87B0274}.Debug|Any CPU.ActiveCfg = Debug|Any CPU
		{C83D3E2D-7AB6-4B67-88E8-F6B1C87B0274}.Debug|Any CPU.Build.0 = Debug|Any CPU
		{C83D3E2D-7AB6-4B67-88E8-F6B1C87B0274}.Release|Any CPU.ActiveCfg = Release|Any CPU
		{C83D3E2D-7AB6-4B67-88E8-F6B1C87B0274}.Release|Any CPU.Build.0 = Release|Any CPU
	EndGlobalSection
	GlobalSection(SolutionProperties) = preSolution
		HideSolutionNode = FALSE
	EndGlobalSection
EndGlobal
